// !$*UTF8*$!
{
	archiveVersion = 1;
	classes = {
	};
	objectVersion = 50;
	objects = {

/* Begin PBXBuildFile section */
		0C29A5E3222675CB007E96C0 /* AppDelegate.swift in Sources */ = {isa = PBXBuildFile; fileRef = 0C29A5E2222675CB007E96C0 /* AppDelegate.swift */; };
		0C29A5E5222675CB007E96C0 /* LoginVC.swift in Sources */ = {isa = PBXBuildFile; fileRef = 0C29A5E4222675CB007E96C0 /* LoginVC.swift */; };
		0C29A5E8222675CB007E96C0 /* Main.storyboard in Resources */ = {isa = PBXBuildFile; fileRef = 0C29A5E6222675CB007E96C0 /* Main.storyboard */; };
		0C29A5ED222675D2007E96C0 /* LaunchScreen.storyboard in Resources */ = {isa = PBXBuildFile; fileRef = 0C29A5EB222675D2007E96C0 /* LaunchScreen.storyboard */; };
		0C29A60122267A79007E96C0 /* Colors.xcassets in Resources */ = {isa = PBXBuildFile; fileRef = 0C29A5FF22267A79007E96C0 /* Colors.xcassets */; };
		0C29A6082226AFD1007E96C0 /* Assets.xcassets in Resources */ = {isa = PBXBuildFile; fileRef = 0C29A6072226AFD1007E96C0 /* Assets.xcassets */; };
		0C29A60A2226FAF6007E96C0 /* SearchVC.swift in Sources */ = {isa = PBXBuildFile; fileRef = 0C29A6092226FAF6007E96C0 /* SearchVC.swift */; };
		0C29A60C22270047007E96C0 /* WatchlistVC.swift in Sources */ = {isa = PBXBuildFile; fileRef = 0C29A60B22270047007E96C0 /* WatchlistVC.swift */; };
		0C29A60E2227023F007E96C0 /* FavouritesVC.swift in Sources */ = {isa = PBXBuildFile; fileRef = 0C29A60D2227023F007E96C0 /* FavouritesVC.swift */; };
		0C29A6112229D4A1007E96C0 /* Client.swift in Sources */ = {isa = PBXBuildFile; fileRef = 0C29A6102229D4A1007E96C0 /* Client.swift */; };
		0C29A613222D600D007E96C0 /* RequestToken.swift in Sources */ = {isa = PBXBuildFile; fileRef = 0C29A612222D600D007E96C0 /* RequestToken.swift */; };
		0C29A615222DB1A5007E96C0 /* LoginRequest.swift in Sources */ = {isa = PBXBuildFile; fileRef = 0C29A614222DB1A5007E96C0 /* LoginRequest.swift */; };
		0C88DFB8222DC8A20062FF77 /* SessionIdResponse.swift in Sources */ = {isa = PBXBuildFile; fileRef = 0C88DFB7222DC8A20062FF77 /* SessionIdResponse.swift */; };
		0C88DFBA222DC9180062FF77 /* SessionIdRequest.swift in Sources */ = {isa = PBXBuildFile; fileRef = 0C88DFB9222DC9180062FF77 /* SessionIdRequest.swift */; };
		0C88DFBC222DDB8F0062FF77 /* RequestDelete.swift in Sources */ = {isa = PBXBuildFile; fileRef = 0C88DFBB222DDB8F0062FF77 /* RequestDelete.swift */; };
/* End PBXBuildFile section */

/* Begin PBXFileReference section */
		0C29A5DF222675CB007E96C0 /* Movie Manager.app */ = {isa = PBXFileReference; explicitFileType = wrapper.application; includeInIndex = 0; path = "Movie Manager.app"; sourceTree = BUILT_PRODUCTS_DIR; };
		0C29A5E2222675CB007E96C0 /* AppDelegate.swift */ = {isa = PBXFileReference; lastKnownFileType = sourcecode.swift; path = AppDelegate.swift; sourceTree = "<group>"; };
		0C29A5E4222675CB007E96C0 /* LoginVC.swift */ = {isa = PBXFileReference; lastKnownFileType = sourcecode.swift; path = LoginVC.swift; sourceTree = "<group>"; };
		0C29A5E7222675CB007E96C0 /* Base */ = {isa = PBXFileReference; lastKnownFileType = file.storyboard; name = Base; path = Base.lproj/Main.storyboard; sourceTree = "<group>"; };
		0C29A5EC222675D2007E96C0 /* Base */ = {isa = PBXFileReference; lastKnownFileType = file.storyboard; name = Base; path = Base.lproj/LaunchScreen.storyboard; sourceTree = "<group>"; };
		0C29A5EE222675D2007E96C0 /* Info.plist */ = {isa = PBXFileReference; lastKnownFileType = text.plist.xml; path = Info.plist; sourceTree = "<group>"; };
		0C29A5FF22267A79007E96C0 /* Colors.xcassets */ = {isa = PBXFileReference; lastKnownFileType = folder.assetcatalog; path = Colors.xcassets; sourceTree = "<group>"; };
		0C29A6072226AFD1007E96C0 /* Assets.xcassets */ = {isa = PBXFileReference; lastKnownFileType = folder.assetcatalog; path = Assets.xcassets; sourceTree = "<group>"; };
		0C29A6092226FAF6007E96C0 /* SearchVC.swift */ = {isa = PBXFileReference; lastKnownFileType = sourcecode.swift; path = SearchVC.swift; sourceTree = "<group>"; };
		0C29A60B22270047007E96C0 /* WatchlistVC.swift */ = {isa = PBXFileReference; lastKnownFileType = sourcecode.swift; path = WatchlistVC.swift; sourceTree = "<group>"; };
		0C29A60D2227023F007E96C0 /* FavouritesVC.swift */ = {isa = PBXFileReference; lastKnownFileType = sourcecode.swift; path = FavouritesVC.swift; sourceTree = "<group>"; };
		0C29A6102229D4A1007E96C0 /* Client.swift */ = {isa = PBXFileReference; lastKnownFileType = sourcecode.swift; path = Client.swift; sourceTree = "<group>"; };
		0C29A612222D600D007E96C0 /* RequestToken.swift */ = {isa = PBXFileReference; lastKnownFileType = sourcecode.swift; path = RequestToken.swift; sourceTree = "<group>"; };
		0C29A614222DB1A5007E96C0 /* LoginRequest.swift */ = {isa = PBXFileReference; lastKnownFileType = sourcecode.swift; path = LoginRequest.swift; sourceTree = "<group>"; };
		0C88DFB7222DC8A20062FF77 /* SessionIdResponse.swift */ = {isa = PBXFileReference; lastKnownFileType = sourcecode.swift; path = SessionIdResponse.swift; sourceTree = "<group>"; };
		0C88DFB9222DC9180062FF77 /* SessionIdRequest.swift */ = {isa = PBXFileReference; lastKnownFileType = sourcecode.swift; path = SessionIdRequest.swift; sourceTree = "<group>"; };
		0C88DFBB222DDB8F0062FF77 /* RequestDelete.swift */ = {isa = PBXFileReference; lastKnownFileType = sourcecode.swift; path = RequestDelete.swift; sourceTree = "<group>"; };
/* End PBXFileReference section */

/* Begin PBXFrameworksBuildPhase section */
		0C29A5DC222675CB007E96C0 /* Frameworks */ = {
			isa = PBXFrameworksBuildPhase;
			buildActionMask = 2147483647;
			files = (
			);
			runOnlyForDeploymentPostprocessing = 0;
		};
/* End PBXFrameworksBuildPhase section */

/* Begin PBXGroup section */
		0C29A5D6222675CB007E96C0 = {
			isa = PBXGroup;
			children = (
				0C29A5E1222675CB007E96C0 /* Movie Manager */,
				0C29A5E0222675CB007E96C0 /* Products */,
			);
			sourceTree = "<group>";
		};
		0C29A5E0222675CB007E96C0 /* Products */ = {
			isa = PBXGroup;
			children = (
				0C29A5DF222675CB007E96C0 /* Movie Manager.app */,
			);
			name = Products;
			sourceTree = "<group>";
		};
		0C29A5E1222675CB007E96C0 /* Movie Manager */ = {
			isa = PBXGroup;
			children = (
				0C29A60F2229D45E007E96C0 /* Model */,
				0C29A60422269A10007E96C0 /* Controller */,
				0C29A60322269A05007E96C0 /* View */,
				0C29A5EE222675D2007E96C0 /* Info.plist */,
			);
			path = "Movie Manager";
			sourceTree = "<group>";
		};
		0C29A60222267A7E007E96C0 /* Assets */ = {
			isa = PBXGroup;
			children = (
				0C29A6072226AFD1007E96C0 /* Assets.xcassets */,
				0C29A5FF22267A79007E96C0 /* Colors.xcassets */,
			);
			path = Assets;
			sourceTree = "<group>";
		};
		0C29A60322269A05007E96C0 /* View */ = {
			isa = PBXGroup;
			children = (
				0C29A60222267A7E007E96C0 /* Assets */,
				0C29A5E6222675CB007E96C0 /* Main.storyboard */,
				0C29A5EB222675D2007E96C0 /* LaunchScreen.storyboard */,
			);
			path = View;
			sourceTree = "<group>";
		};
		0C29A60422269A10007E96C0 /* Controller */ = {
			isa = PBXGroup;
			children = (
				0C29A5E2222675CB007E96C0 /* AppDelegate.swift */,
				0C29A5E4222675CB007E96C0 /* LoginVC.swift */,
				0C29A6092226FAF6007E96C0 /* SearchVC.swift */,
				0C29A60B22270047007E96C0 /* WatchlistVC.swift */,
				0C29A60D2227023F007E96C0 /* FavouritesVC.swift */,
			);
			path = Controller;
			sourceTree = "<group>";
		};
		0C29A60F2229D45E007E96C0 /* Model */ = {
			isa = PBXGroup;
			children = (
				0C29A6102229D4A1007E96C0 /* Client.swift */,
				0C29A612222D600D007E96C0 /* RequestToken.swift */,
				0C29A614222DB1A5007E96C0 /* LoginRequest.swift */,
				0C88DFB7222DC8A20062FF77 /* SessionIdResponse.swift */,
				0C88DFB9222DC9180062FF77 /* SessionIdRequest.swift */,
				0C88DFBB222DDB8F0062FF77 /* RequestDelete.swift */,
			);
			path = Model;
			sourceTree = "<group>";
		};
/* End PBXGroup section */

/* Begin PBXNativeTarget section */
		0C29A5DE222675CB007E96C0 /* Movie Manager */ = {
			isa = PBXNativeTarget;
			buildConfigurationList = 0C29A5F1222675D2007E96C0 /* Build configuration list for PBXNativeTarget "Movie Manager" */;
			buildPhases = (
				0C29A5DB222675CB007E96C0 /* Sources */,
				0C29A5DC222675CB007E96C0 /* Frameworks */,
				0C29A5DD222675CB007E96C0 /* Resources */,
			);
			buildRules = (
			);
			dependencies = (
			);
			name = "Movie Manager";
			productName = "Movie Manager";
			productReference = 0C29A5DF222675CB007E96C0 /* Movie Manager.app */;
			productType = "com.apple.product-type.application";
		};
/* End PBXNativeTarget section */

/* Begin PBXProject section */
		0C29A5D7222675CB007E96C0 /* Project object */ = {
			isa = PBXProject;
			attributes = {
				LastSwiftUpdateCheck = 1010;
				LastUpgradeCheck = 1010;
				ORGANIZATIONNAME = "mahmoud mohamed";
				TargetAttributes = {
					0C29A5DE222675CB007E96C0 = {
						CreatedOnToolsVersion = 10.1;
					};
				};
			};
			buildConfigurationList = 0C29A5DA222675CB007E96C0 /* Build configuration list for PBXProject "Movie Manager" */;
			compatibilityVersion = "Xcode 9.3";
			developmentRegion = en;
			hasScannedForEncodings = 0;
			knownRegions = (
				en,
				Base,
			);
			mainGroup = 0C29A5D6222675CB007E96C0;
			productRefGroup = 0C29A5E0222675CB007E96C0 /* Products */;
			projectDirPath = "";
			projectRoot = "";
			targets = (
				0C29A5DE222675CB007E96C0 /* Movie Manager */,
			);
		};
/* End PBXProject section */

/* Begin PBXResourcesBuildPhase section */
		0C29A5DD222675CB007E96C0 /* Resources */ = {
			isa = PBXResourcesBuildPhase;
			buildActionMask = 2147483647;
			files = (
				0C29A5ED222675D2007E96C0 /* LaunchScreen.storyboard in Resources */,
				0C29A60122267A79007E96C0 /* Colors.xcassets in Resources */,
				0C29A6082226AFD1007E96C0 /* Assets.xcassets in Resources */,
				0C29A5E8222675CB007E96C0 /* Main.storyboard in Resources */,
			);
			runOnlyForDeploymentPostprocessing = 0;
		};
/* End PBXResourcesBuildPhase section */

/* Begin PBXSourcesBuildPhase section */
		0C29A5DB222675CB007E96C0 /* Sources */ = {
			isa = PBXSourcesBuildPhase;
			buildActionMask = 2147483647;
			files = (
				0C29A60C22270047007E96C0 /* WatchlistVC.swift in Sources */,
				0C29A60E2227023F007E96C0 /* FavouritesVC.swift in Sources */,
				0C29A613222D600D007E96C0 /* RequestToken.swift in Sources */,
				0C29A6112229D4A1007E96C0 /* Client.swift in Sources */,
				0C29A60A2226FAF6007E96C0 /* SearchVC.swift in Sources */,
				0C88DFB8222DC8A20062FF77 /* SessionIdResponse.swift in Sources */,
				0C88DFBC222DDB8F0062FF77 /* RequestDelete.swift in Sources */,
				0C29A5E5222675CB007E96C0 /* LoginVC.swift in Sources */,
				0C29A5E3222675CB007E96C0 /* AppDelegate.swift in Sources */,
				0C29A615222DB1A5007E96C0 /* LoginRequest.swift in Sources */,
				0C88DFBA222DC9180062FF77 /* SessionIdRequest.swift in Sources */,
			);
			runOnlyForDeploymentPostprocessing = 0;
		};
/* End PBXSourcesBuildPhase section */

/* Begin PBXVariantGroup section */
		0C29A5E6222675CB007E96C0 /* Main.storyboard */ = {
			isa = PBXVariantGroup;
			children = (
				0C29A5E7222675CB007E96C0 /* Base */,
			);
			name = Main.storyboard;
			sourceTree = "<group>";
		};
		0C29A5EB222675D2007E96C0 /* LaunchScreen.storyboard */ = {
			isa = PBXVariantGroup;
			children = (
				0C29A5EC222675D2007E96C0 /* Base */,
			);
			name = LaunchScreen.storyboard;
			sourceTree = "<group>";
		};
/* End PBXVariantGroup section */

/* Begin XCBuildConfiguration section */
		0C29A5EF222675D2007E96C0 /* Debug */ = {
			isa = XCBuildConfiguration;
			buildSettings = {
				ALWAYS_SEARCH_USER_PATHS = NO;
				CLANG_ANALYZER_NONNULL = YES;
				CLANG_ANALYZER_NUMBER_OBJECT_CONVERSION = YES_AGGRESSIVE;
				CLANG_CXX_LANGUAGE_STANDARD = "gnu++14";
				CLANG_CXX_LIBRARY = "libc++";
				CLANG_ENABLE_MODULES = YES;
				CLANG_ENABLE_OBJC_ARC = YES;
				CLANG_ENABLE_OBJC_WEAK = YES;
				CLANG_WARN_BLOCK_CAPTURE_AUTORELEASING = YES;
				CLANG_WARN_BOOL_CONVERSION = YES;
				CLANG_WARN_COMMA = YES;
				CLANG_WARN_CONSTANT_CONVERSION = YES;
				CLANG_WARN_DEPRECATED_OBJC_IMPLEMENTATIONS = YES;
				CLANG_WARN_DIRECT_OBJC_ISA_USAGE = YES_ERROR;
				CLANG_WARN_DOCUMENTATION_COMMENTS = YES;
				CLANG_WARN_EMPTY_BODY = YES;
				CLANG_WARN_ENUM_CONVERSION = YES;
				CLANG_WARN_INFINITE_RECURSION = YES;
				CLANG_WARN_INT_CONVERSION = YES;
				CLANG_WARN_NON_LITERAL_NULL_CONVERSION = YES;
				CLANG_WARN_OBJC_IMPLICIT_RETAIN_SELF = YES;
				CLANG_WARN_OBJC_LITERAL_CONVERSION = YES;
				CLANG_WARN_OBJC_ROOT_CLASS = YES_ERROR;
				CLANG_WARN_RANGE_LOOP_ANALYSIS = YES;
				CLANG_WARN_STRICT_PROTOTYPES = YES;
				CLANG_WARN_SUSPICIOUS_MOVE = YES;
				CLANG_WARN_UNGUARDED_AVAILABILITY = YES_AGGRESSIVE;
				CLANG_WARN_UNREACHABLE_CODE = YES;
				CLANG_WARN__DUPLICATE_METHOD_MATCH = YES;
				CODE_SIGN_IDENTITY = "iPhone Developer";
				COPY_PHASE_STRIP = NO;
				DEBUG_INFORMATION_FORMAT = dwarf;
				ENABLE_STRICT_OBJC_MSGSEND = YES;
				ENABLE_TESTABILITY = YES;
				GCC_C_LANGUAGE_STANDARD = gnu11;
				GCC_DYNAMIC_NO_PIC = NO;
				GCC_NO_COMMON_BLOCKS = YES;
				GCC_OPTIMIZATION_LEVEL = 0;
				GCC_PREPROCESSOR_DEFINITIONS = (
					"DEBUG=1",
					"$(inherited)",
				);
				GCC_WARN_64_TO_32_BIT_CONVERSION = YES;
				GCC_WARN_ABOUT_RETURN_TYPE = YES_ERROR;
				GCC_WARN_UNDECLARED_SELECTOR = YES;
				GCC_WARN_UNINITIALIZED_AUTOS = YES_AGGRESSIVE;
				GCC_WARN_UNUSED_FUNCTION = YES;
				GCC_WARN_UNUSED_VARIABLE = YES;
				IPHONEOS_DEPLOYMENT_TARGET = 12.1;
				MTL_ENABLE_DEBUG_INFO = INCLUDE_SOURCE;
				MTL_FAST_MATH = YES;
				ONLY_ACTIVE_ARCH = YES;
				SDKROOT = iphoneos;
				SWIFT_ACTIVE_COMPILATION_CONDITIONS = DEBUG;
				SWIFT_OPTIMIZATION_LEVEL = "-Onone";
			};
			name = Debug;
		};
		0C29A5F0222675D2007E96C0 /* Release */ = {
			isa = XCBuildConfiguration;
			buildSettings = {
				ALWAYS_SEARCH_USER_PATHS = NO;
				CLANG_ANALYZER_NONNULL = YES;
				CLANG_ANALYZER_NUMBER_OBJECT_CONVERSION = YES_AGGRESSIVE;
				CLANG_CXX_LANGUAGE_STANDARD = "gnu++14";
				CLANG_CXX_LIBRARY = "libc++";
				CLANG_ENABLE_MODULES = YES;
				CLANG_ENABLE_OBJC_ARC = YES;
				CLANG_ENABLE_OBJC_WEAK = YES;
				CLANG_WARN_BLOCK_CAPTURE_AUTORELEASING = YES;
				CLANG_WARN_BOOL_CONVERSION = YES;
				CLANG_WARN_COMMA = YES;
				CLANG_WARN_CONSTANT_CONVERSION = YES;
				CLANG_WARN_DEPRECATED_OBJC_IMPLEMENTATIONS = YES;
				CLANG_WARN_DIRECT_OBJC_ISA_USAGE = YES_ERROR;
				CLANG_WARN_DOCUMENTATION_COMMENTS = YES;
				CLANG_WARN_EMPTY_BODY = YES;
				CLANG_WARN_ENUM_CONVERSION = YES;
				CLANG_WARN_INFINITE_RECURSION = YES;
				CLANG_WARN_INT_CONVERSION = YES;
				CLANG_WARN_NON_LITERAL_NULL_CONVERSION = YES;
				CLANG_WARN_OBJC_IMPLICIT_RETAIN_SELF = YES;
				CLANG_WARN_OBJC_LITERAL_CONVERSION = YES;
				CLANG_WARN_OBJC_ROOT_CLASS = YES_ERROR;
				CLANG_WARN_RANGE_LOOP_ANALYSIS = YES;
				CLANG_WARN_STRICT_PROTOTYPES = YES;
				CLANG_WARN_SUSPICIOUS_MOVE = YES;
				CLANG_WARN_UNGUARDED_AVAILABILITY = YES_AGGRESSIVE;
				CLANG_WARN_UNREACHABLE_CODE = YES;
				CLANG_WARN__DUPLICATE_METHOD_MATCH = YES;
				CODE_SIGN_IDENTITY = "iPhone Developer";
				COPY_PHASE_STRIP = NO;
				DEBUG_INFORMATION_FORMAT = "dwarf-with-dsym";
				ENABLE_NS_ASSERTIONS = NO;
				ENABLE_STRICT_OBJC_MSGSEND = YES;
				GCC_C_LANGUAGE_STANDARD = gnu11;
				GCC_NO_COMMON_BLOCKS = YES;
				GCC_WARN_64_TO_32_BIT_CONVERSION = YES;
				GCC_WARN_ABOUT_RETURN_TYPE = YES_ERROR;
				GCC_WARN_UNDECLARED_SELECTOR = YES;
				GCC_WARN_UNINITIALIZED_AUTOS = YES_AGGRESSIVE;
				GCC_WARN_UNUSED_FUNCTION = YES;
				GCC_WARN_UNUSED_VARIABLE = YES;
				IPHONEOS_DEPLOYMENT_TARGET = 12.1;
				MTL_ENABLE_DEBUG_INFO = NO;
				MTL_FAST_MATH = YES;
				SDKROOT = iphoneos;
				SWIFT_COMPILATION_MODE = wholemodule;
				SWIFT_OPTIMIZATION_LEVEL = "-O";
				VALIDATE_PRODUCT = YES;
			};
			name = Release;
		};
		0C29A5F2222675D2007E96C0 /* Debug */ = {
			isa = XCBuildConfiguration;
			buildSettings = {
				ASSETCATALOG_COMPILER_APPICON_NAME = AppIcon;
				CODE_SIGN_STYLE = Automatic;
				DEVELOPMENT_TEAM = KNTNZC5RBJ;
				INFOPLIST_FILE = "Movie Manager/Info.plist";
				LD_RUNPATH_SEARCH_PATHS = (
					"$(inherited)",
					"@executable_path/Frameworks",
				);
				PRODUCT_BUNDLE_IDENTIFIER = "MB-Pro.Movie-Manager";
				PRODUCT_NAME = "$(TARGET_NAME)";
				SWIFT_VERSION = 4.2;
				TARGETED_DEVICE_FAMILY = "1,2";
			};
			name = Debug;
		};
		0C29A5F3222675D2007E96C0 /* Release */ = {
			isa = XCBuildConfiguration;
			buildSettings = {
				ASSETCATALOG_COMPILER_APPICON_NAME = AppIcon;
				CODE_SIGN_STYLE = Automatic;
				DEVELOPMENT_TEAM = KNTNZC5RBJ;
				INFOPLIST_FILE = "Movie Manager/Info.plist";
				LD_RUNPATH_SEARCH_PATHS = (
					"$(inherited)",
					"@executable_path/Frameworks",
				);
				PRODUCT_BUNDLE_IDENTIFIER = "MB-Pro.Movie-Manager";
				PRODUCT_NAME = "$(TARGET_NAME)";
				SWIFT_VERSION = 4.2;
				TARGETED_DEVICE_FAMILY = "1,2";
			};
			name = Release;
		};
/* End XCBuildConfiguration section */

/* Begin XCConfigurationList section */
		0C29A5DA222675CB007E96C0 /* Build configuration list for PBXProject "Movie Manager" */ = {
			isa = XCConfigurationList;
			buildConfigurations = (
				0C29A5EF222675D2007E96C0 /* Debug */,
				0C29A5F0222675D2007E96C0 /* Release */,
			);
			defaultConfigurationIsVisible = 0;
			defaultConfigurationName = Release;
		};
		0C29A5F1222675D2007E96C0 /* Build configuration list for PBXNativeTarget "Movie Manager" */ = {
			isa = XCConfigurationList;
			buildConfigurations = (
				0C29A5F2222675D2007E96C0 /* Debug */,
				0C29A5F3222675D2007E96C0 /* Release */,
			);
			defaultConfigurationIsVisible = 0;
			defaultConfigurationName = Release;
		};
/* End XCConfigurationList section */
	};
	rootObject = 0C29A5D7222675CB007E96C0 /* Project object */;
}
